// !$*UTF8*$!
{
	archiveVersion = 1;
	classes = {
	};
	objectVersion = 46;
	objects = {

/* Begin PBXBuildFile section */
		2DDE1C831BF8CC72005CA7DD /* main.m in Sources */ = {isa = PBXBuildFile; fileRef = 2DDE1C821BF8CC72005CA7DD /* main.m */; };
		2DDE1C861BF8CC72005CA7DD /* AppDelegate.m in Sources */ = {isa = PBXBuildFile; fileRef = 2DDE1C851BF8CC72005CA7DD /* AppDelegate.m */; };
		2DDE1C891BF8CC72005CA7DD /* ViewController.m in Sources */ = {isa = PBXBuildFile; fileRef = 2DDE1C881BF8CC72005CA7DD /* ViewController.m */; };
		2DDE1C8C1BF8CC72005CA7DD /* Main.storyboard in Resources */ = {isa = PBXBuildFile; fileRef = 2DDE1C8A1BF8CC72005CA7DD /* Main.storyboard */; };
		2DDE1C8E1BF8CC72005CA7DD /* Assets.xcassets in Resources */ = {isa = PBXBuildFile; fileRef = 2DDE1C8D1BF8CC72005CA7DD /* Assets.xcassets */; };
		2DDE1C911BF8CC72005CA7DD /* LaunchScreen.storyboard in Resources */ = {isa = PBXBuildFile; fileRef = 2DDE1C8F1BF8CC72005CA7DD /* LaunchScreen.storyboard */; };
		2DDE1C9C1BF8CC72005CA7DD /* testTests.m in Sources */ = {isa = PBXBuildFile; fileRef = 2DDE1C9B1BF8CC72005CA7DD /* testTests.m */; };
		2DDE1CA71BF8CC72005CA7DD /* testUITests.m in Sources */ = {isa = PBXBuildFile; fileRef = 2DDE1CA61BF8CC72005CA7DD /* testUITests.m */; };
/* End PBXBuildFile section */

/* Begin PBXContainerItemProxy section */
		2DDE1C981BF8CC72005CA7DD /* PBXContainerItemProxy */ = {
			isa = PBXContainerItemProxy;
			containerPortal = 2DDE1C761BF8CC71005CA7DD /* Project object */;
			proxyType = 1;
			remoteGlobalIDString = 2DDE1C7D1BF8CC71005CA7DD;
			remoteInfo = test;
		};
		2DDE1CA31BF8CC72005CA7DD /* PBXContainerItemProxy */ = {
			isa = PBXContainerItemProxy;
			containerPortal = 2DDE1C761BF8CC71005CA7DD /* Project object */;
			proxyType = 1;
			remoteGlobalIDString = 2DDE1C7D1BF8CC71005CA7DD;
			remoteInfo = test;
		};
/* End PBXContainerItemProxy section */

/* Begin PBXFileReference section */
		2DDE1C7E1BF8CC71005CA7DD /* test.app */ = {isa = PBXFileReference; explicitFileType = wrapper.application; includeInIndex = 0; path = test.app; sourceTree = BUILT_PRODUCTS_DIR; };
		2DDE1C821BF8CC72005CA7DD /* main.m */ = {isa = PBXFileReference; lastKnownFileType = sourcecode.c.objc; path = main.m; sourceTree = "<group>"; };
		2DDE1C841BF8CC72005CA7DD /* AppDelegate.h */ = {isa = PBXFileReference; lastKnownFileType = sourcecode.c.h; path = AppDelegate.h; sourceTree = "<group>"; };
		2DDE1C851BF8CC72005CA7DD /* AppDelegate.m */ = {isa = PBXFileReference; lastKnownFileType = sourcecode.c.objc; path = AppDelegate.m; sourceTree = "<group>"; };
		2DDE1C871BF8CC72005CA7DD /* ViewController.h */ = {isa = PBXFileReference; lastKnownFileType = sourcecode.c.h; path = ViewController.h; sourceTree = "<group>"; };
		2DDE1C881BF8CC72005CA7DD /* ViewController.m */ = {isa = PBXFileReference; lastKnownFileType = sourcecode.c.objc; path = ViewController.m; sourceTree = "<group>"; };
		2DDE1C8B1BF8CC72005CA7DD /* Base */ = {isa = PBXFileReference; lastKnownFileType = file.storyboard; name = Base; path = Base.lproj/Main.storyboard; sourceTree = "<group>"; };
		2DDE1C8D1BF8CC72005CA7DD /* Assets.xcassets */ = {isa = PBXFileReference; lastKnownFileType = folder.assetcatalog; path = Assets.xcassets; sourceTree = "<group>"; };
		2DDE1C901BF8CC72005CA7DD /* Base */ = {isa = PBXFileReference; lastKnownFileType = file.storyboard; name = Base; path = Base.lproj/LaunchScreen.storyboard; sourceTree = "<group>"; };
		2DDE1C921BF8CC72005CA7DD /* Info.plist */ = {isa = PBXFileReference; lastKnownFileType = text.plist.xml; path = Info.plist; sourceTree = "<group>"; };
		2DDE1C971BF8CC72005CA7DD /* testTests.xctest */ = {isa = PBXFileReference; explicitFileType = wrapper.cfbundle; includeInIndex = 0; path = testTests.xctest; sourceTree = BUILT_PRODUCTS_DIR; };
		2DDE1C9B1BF8CC72005CA7DD /* testTests.m */ = {isa = PBXFileReference; lastKnownFileType = sourcecode.c.objc; path = testTests.m; sourceTree = "<group>"; };
		2DDE1C9D1BF8CC72005CA7DD /* Info.plist */ = {isa = PBXFileReference; lastKnownFileType = text.plist.xml; path = Info.plist; sourceTree = "<group>"; };
		2DDE1CA21BF8CC72005CA7DD /* testUITests.xctest */ = {isa = PBXFileReference; explicitFileType = wrapper.cfbundle; includeInIndex = 0; path = testUITests.xctest; sourceTree = BUILT_PRODUCTS_DIR; };
		2DDE1CA61BF8CC72005CA7DD /* testUITests.m */ = {isa = PBXFileReference; lastKnownFileType = sourcecode.c.objc; path = testUITests.m; sourceTree = "<group>"; };
		2DDE1CA81BF8CC72005CA7DD /* Info.plist */ = {isa = PBXFileReference; lastKnownFileType = text.plist.xml; path = Info.plist; sourceTree = "<group>"; };
/* End PBXFileReference section */

/* Begin PBXFrameworksBuildPhase section */
		2DDE1C7B1BF8CC71005CA7DD /* Frameworks */ = {
			isa = PBXFrameworksBuildPhase;
			buildActionMask = 2147483647;
			files = (
			);
			runOnlyForDeploymentPostprocessing = 0;
		};
		2DDE1C941BF8CC72005CA7DD /* Frameworks */ = {
			isa = PBXFrameworksBuildPhase;
			buildActionMask = 2147483647;
			files = (
			);
			runOnlyForDeploymentPostprocessing = 0;
		};
		2DDE1C9F1BF8CC72005CA7DD /* Frameworks */ = {
			isa = PBXFrameworksBuildPhase;
			buildActionMask = 2147483647;
			files = (
			);
			runOnlyForDeploymentPostprocessing = 0;
		};
/* End PBXFrameworksBuildPhase section */

/* Begin PBXGroup section */
		2DDE1C751BF8CC71005CA7DD = {
			isa = PBXGroup;
			children = (
				2DDE1C801BF8CC72005CA7DD /* test */,
				2DDE1C9A1BF8CC72005CA7DD /* testTests */,
				2DDE1CA51BF8CC72005CA7DD /* testUITests */,
				2DDE1C7F1BF8CC71005CA7DD /* Products */,
			);
			sourceTree = "<group>";
		};
		2DDE1C7F1BF8CC71005CA7DD /* Products */ = {
			isa = PBXGroup;
			children = (
				2DDE1C7E1BF8CC71005CA7DD /* test.app */,
				2DDE1C971BF8CC72005CA7DD /* testTests.xctest */,
				2DDE1CA21BF8CC72005CA7DD /* testUITests.xctest */,
			);
			name = Products;
			sourceTree = "<group>";
		};
		2DDE1C801BF8CC72005CA7DD /* test */ = {
			isa = PBXGroup;
			children = (
				2DDE1C841BF8CC72005CA7DD /* AppDelegate.h */,
				2DDE1C851BF8CC72005CA7DD /* AppDelegate.m */,
				2DDE1C871BF8CC72005CA7DD /* ViewController.h */,
				2DDE1C881BF8CC72005CA7DD /* ViewController.m */,
				2DDE1C8A1BF8CC72005CA7DD /* Main.storyboard */,
				2DDE1C8D1BF8CC72005CA7DD /* Assets.xcassets */,
				2DDE1C8F1BF8CC72005CA7DD /* LaunchScreen.storyboard */,
				2DDE1C921BF8CC72005CA7DD /* Info.plist */,
				2DDE1C811BF8CC72005CA7DD /* Supporting Files */,
			);
			path = test;
			sourceTree = "<group>";
		};
		2DDE1C811BF8CC72005CA7DD /* Supporting Files */ = {
			isa = PBXGroup;
			children = (
				2DDE1C821BF8CC72005CA7DD /* main.m */,
			);
			name = "Supporting Files";
			sourceTree = "<group>";
		};
		2DDE1C9A1BF8CC72005CA7DD /* testTests */ = {
			isa = PBXGroup;
			children = (
				2DDE1C9B1BF8CC72005CA7DD /* testTests.m */,
				2DDE1C9D1BF8CC72005CA7DD /* Info.plist */,
			);
			path = testTests;
			sourceTree = "<group>";
		};
		2DDE1CA51BF8CC72005CA7DD /* testUITests */ = {
			isa = PBXGroup;
			children = (
				2DDE1CA61BF8CC72005CA7DD /* testUITests.m */,
				2DDE1CA81BF8CC72005CA7DD /* Info.plist */,
			);
			path = testUITests;
			sourceTree = "<group>";
		};
/* End PBXGroup section */

/* Begin PBXNativeTarget section */
		2DDE1C7D1BF8CC71005CA7DD /* test */ = {
			isa = PBXNativeTarget;
			buildConfigurationList = 2DDE1CAB1BF8CC72005CA7DD /* Build configuration list for PBXNativeTarget "test" */;
			buildPhases = (
				2DDE1C7A1BF8CC71005CA7DD /* Sources */,
				2DDE1C7B1BF8CC71005CA7DD /* Frameworks */,
				2DDE1C7C1BF8CC71005CA7DD /* Resources */,
			);
			buildRules = (
			);
			dependencies = (
			);
			name = test;
			productName = test;
			productReference = 2DDE1C7E1BF8CC71005CA7DD /* test.app */;
			productType = "com.apple.product-type.application";
		};
		2DDE1C961BF8CC72005CA7DD /* testTests */ = {
			isa = PBXNativeTarget;
			buildConfigurationList = 2DDE1CAE1BF8CC72005CA7DD /* Build configuration list for PBXNativeTarget "testTests" */;
			buildPhases = (
				2DDE1C931BF8CC72005CA7DD /* Sources */,
				2DDE1C941BF8CC72005CA7DD /* Frameworks */,
				2DDE1C951BF8CC72005CA7DD /* Resources */,
			);
			buildRules = (
			);
			dependencies = (
				2DDE1C991BF8CC72005CA7DD /* PBXTargetDependency */,
			);
			name = testTests;
			productName = testTests;
			productReference = 2DDE1C971BF8CC72005CA7DD /* testTests.xctest */;
			productType = "com.apple.product-type.bundle.unit-test";
		};
		2DDE1CA11BF8CC72005CA7DD /* testUITests */ = {
			isa = PBXNativeTarget;
			buildConfigurationList = 2DDE1CB11BF8CC72005CA7DD /* Build configuration list for PBXNativeTarget "testUITests" */;
			buildPhases = (
				2DDE1C9E1BF8CC72005CA7DD /* Sources */,
				2DDE1C9F1BF8CC72005CA7DD /* Frameworks */,
				2DDE1CA01BF8CC72005CA7DD /* Resources */,
			);
			buildRules = (
			);
			dependencies = (
				2DDE1CA41BF8CC72005CA7DD /* PBXTargetDependency */,
			);
			name = testUITests;
			productName = testUITests;
			productReference = 2DDE1CA21BF8CC72005CA7DD /* testUITests.xctest */;
			productType = "com.apple.product-type.bundle.ui-testing";
		};
/* End PBXNativeTarget section */

/* Begin PBXProject section */
		2DDE1C761BF8CC71005CA7DD /* Project object */ = {
			isa = PBXProject;
			attributes = {
				LastUpgradeCheck = 0700;
				ORGANIZATIONNAME = syp;
				TargetAttributes = {
					2DDE1C7D1BF8CC71005CA7DD = {
						CreatedOnToolsVersion = 7.0.1;
					};
					2DDE1C961BF8CC72005CA7DD = {
						CreatedOnToolsVersion = 7.0.1;
						TestTargetID = 2DDE1C7D1BF8CC71005CA7DD;
					};
					2DDE1CA11BF8CC72005CA7DD = {
						CreatedOnToolsVersion = 7.0.1;
						TestTargetID = 2DDE1C7D1BF8CC71005CA7DD;
					};
				};
			};
			buildConfigurationList = 2DDE1C791BF8CC71005CA7DD /* Build configuration list for PBXProject "test" */;
			compatibilityVersion = "Xcode 3.2";
			developmentRegion = English;
			hasScannedForEncodings = 0;
			knownRegions = (
				en,
				Base,
			);
			mainGroup = 2DDE1C751BF8CC71005CA7DD;
			productRefGroup = 2DDE1C7F1BF8CC71005CA7DD /* Products */;
			projectDirPath = "";
			projectRoot = "";
			targets = (
				2DDE1C7D1BF8CC71005CA7DD /* test */,
				2DDE1C961BF8CC72005CA7DD /* testTests */,
				2DDE1CA11BF8CC72005CA7DD /* testUITests */,
			);
		};
/* End PBXProject section */

/* Begin PBXResourcesBuildPhase section */
		2DDE1C7C1BF8CC71005CA7DD /* Resources */ = {
			isa = PBXResourcesBuildPhase;
			buildActionMask = 2147483647;
			files = (
				2DDE1C911BF8CC72005CA7DD /* LaunchScreen.storyboard in Resources */,
				2DDE1C8E1BF8CC72005CA7DD /* Assets.xcassets in Resources */,
				2DDE1C8C1BF8CC72005CA7DD /* Main.storyboard in Resources */,
			);
			runOnlyForDeploymentPostprocessing = 0;
		};
		2DDE1C951BF8CC72005CA7DD /* Resources */ = {
			isa = PBXResourcesBuildPhase;
			buildActionMask = 2147483647;
			files = (
			);
			runOnlyForDeploymentPostprocessing = 0;
		};
		2DDE1CA01BF8CC72005CA7DD /* Resources */ = {
			isa = PBXResourcesBuildPhase;
			buildActionMask = 2147483647;
			files = (
			);
			runOnlyForDeploymentPostprocessing = 0;
		};
/* End PBXResourcesBuildPhase section */

/* Begin PBXSourcesBuildPhase section */
		2DDE1C7A1BF8CC71005CA7DD /* Sources */ = {
			isa = PBXSourcesBuildPhase;
			buildActionMask = 2147483647;
			files = (
				2DDE1C891BF8CC72005CA7DD /* ViewController.m in Sources */,
				2DDE1C861BF8CC72005CA7DD /* AppDelegate.m in Sources */,
				2DDE1C831BF8CC72005CA7DD /* main.m in Sources */,
			);
			runOnlyForDeploymentPostprocessing = 0;
		};
		2DDE1C931BF8CC72005CA7DD /* Sources */ = {
			isa = PBXSourcesBuildPhase;
			buildActionMask = 2147483647;
			files = (
				2DDE1C9C1BF8CC72005CA7DD /* testTests.m in Sources */,
			);
			runOnlyForDeploymentPostprocessing = 0;
		};
		2DDE1C9E1BF8CC72005CA7DD /* Sources */ = {
			isa = PBXSourcesBuildPhase;
			buildActionMask = 2147483647;
			files = (
				2DDE1CA71BF8CC72005CA7DD /* testUITests.m in Sources */,
			);
			runOnlyForDeploymentPostprocessing = 0;
		};
/* End PBXSourcesBuildPhase section */

/* Begin PBXTargetDependency section */
		2DDE1C991BF8CC72005CA7DD /* PBXTargetDependency */ = {
			isa = PBXTargetDependency;
			target = 2DDE1C7D1BF8CC71005CA7DD /* test */;
			targetProxy = 2DDE1C981BF8CC72005CA7DD /* PBXContainerItemProxy */;
		};
		2DDE1CA41BF8CC72005CA7DD /* PBXTargetDependency */ = {
			isa = PBXTargetDependency;
			target = 2DDE1C7D1BF8CC71005CA7DD /* test */;
			targetProxy = 2DDE1CA31BF8CC72005CA7DD /* PBXContainerItemProxy */;
		};
/* End PBXTargetDependency section */

/* Begin PBXVariantGroup section */
		2DDE1C8A1BF8CC72005CA7DD /* Main.storyboard */ = {
			isa = PBXVariantGroup;
			children = (
				2DDE1C8B1BF8CC72005CA7DD /* Base */,
			);
			name = Main.storyboard;
			sourceTree = "<group>";
		};
		2DDE1C8F1BF8CC72005CA7DD /* LaunchScreen.storyboard */ = {
			isa = PBXVariantGroup;
			children = (
				2DDE1C901BF8CC72005CA7DD /* Base */,
			);
			name = LaunchScreen.storyboard;
			sourceTree = "<group>";
		};
/* End PBXVariantGroup section */

/* Begin XCBuildConfiguration section */
		2DDE1CA91BF8CC72005CA7DD /* Debug */ = {
			isa = XCBuildConfiguration;
			buildSettings = {
				ALWAYS_SEARCH_USER_PATHS = NO;
				CLANG_CXX_LANGUAGE_STANDARD = "gnu++0x";
				CLANG_CXX_LIBRARY = "libc++";
				CLANG_ENABLE_MODULES = YES;
				CLANG_ENABLE_OBJC_ARC = YES;
				CLANG_WARN_BOOL_CONVERSION = YES;
				CLANG_WARN_CONSTANT_CONVERSION = YES;
				CLANG_WARN_DIRECT_OBJC_ISA_USAGE = YES_ERROR;
				CLANG_WARN_EMPTY_BODY = YES;
				CLANG_WARN_ENUM_CONVERSION = YES;
				CLANG_WARN_INT_CONVERSION = YES;
				CLANG_WARN_OBJC_ROOT_CLASS = YES_ERROR;
				CLANG_WARN_UNREACHABLE_CODE = YES;
				CLANG_WARN__DUPLICATE_METHOD_MATCH = YES;
				"CODE_SIGN_IDENTITY[sdk=iphoneos*]" = "iPhone Developer";
				COPY_PHASE_STRIP = NO;
				DEBUG_INFORMATION_FORMAT = dwarf;
				ENABLE_STRICT_OBJC_MSGSEND = YES;
				ENABLE_TESTABILITY = YES;
				GCC_C_LANGUAGE_STANDARD = gnu99;
				GCC_DYNAMIC_NO_PIC = NO;
				GCC_NO_COMMON_BLOCKS = YES;
				GCC_OPTIMIZATION_LEVEL = 0;
				GCC_PREPROCESSOR_DEFINITIONS = (
					"DEBUG=1",
					"$(inherited)",
				);
				GCC_WARN_64_TO_32_BIT_CONVERSION = YES;
				GCC_WARN_ABOUT_RETURN_TYPE = YES_ERROR;
				GCC_WARN_UNDECLARED_SELECTOR = YES;
				GCC_WARN_UNINITIALIZED_AUTOS = YES_AGGRESSIVE;
				GCC_WARN_UNUSED_FUNCTION = YES;
				GCC_WARN_UNUSED_VARIABLE = YES;
				IPHONEOS_DEPLOYMENT_TARGET = 9.0;
				MTL_ENABLE_DEBUG_INFO = YES;
				ONLY_ACTIVE_ARCH = YES;
				SDKROOT = iphoneos;
				TARGETED_DEVICE_FAMILY = "1,2";
			};
			name = Debug;
		};
		2DDE1CAA1BF8CC72005CA7DD /* Release */ = {
			isa = XCBuildConfiguration;
			buildSettings = {
				ALWAYS_SEARCH_USER_PATHS = NO;
				CLANG_CXX_LANGUAGE_STANDARD = "gnu++0x";
				CLANG_CXX_LIBRARY = "libc++";
				CLANG_ENABLE_MODULES = YES;
				CLANG_ENABLE_OBJC_ARC = YES;
				CLANG_WARN_BOOL_CONVERSION = YES;
				CLANG_WARN_CONSTANT_CONVERSION = YES;
				CLANG_WARN_DIRECT_OBJC_ISA_USAGE = YES_ERROR;
				CLANG_WARN_EMPTY_BODY = YES;
				CLANG_WARN_ENUM_CONVERSION = YES;
				CLANG_WARN_INT_CONVERSION = YES;
				CLANG_WARN_OBJC_ROOT_CLASS = YES_ERROR;
				CLANG_WARN_UNREACHABLE_CODE = YES;
				CLANG_WARN__DUPLICATE_METHOD_MATCH = YES;
				"CODE_SIGN_IDENTITY[sdk=iphoneos*]" = "iPhone Developer";
				COPY_PHASE_STRIP = NO;
				DEBUG_INFORMATION_FORMAT = "dwarf-with-dsym";
				ENABLE_NS_ASSERTIONS = NO;
				ENABLE_STRICT_OBJC_MSGSEND = YES;
				GCC_C_LANGUAGE_STANDARD = gnu99;
				GCC_NO_COMMON_BLOCKS = YES;
				GCC_WARN_64_TO_32_BIT_CONVERSION = YES;
				GCC_WARN_ABOUT_RETURN_TYPE = YES_ERROR;
				GCC_WARN_UNDECLARED_SELECTOR = YES;
				GCC_WARN_UNINITIALIZED_AUTOS = YES_AGGRESSIVE;
				GCC_WARN_UNUSED_FUNCTION = YES;
				GCC_WARN_UNUSED_VARIABLE = YES;
				IPHONEOS_DEPLOYMENT_TARGET = 9.0;
				MTL_ENABLE_DEBUG_INFO = NO;
				SDKROOT = iphoneos;
				TARGETED_DEVICE_FAMILY = "1,2";
				VALIDATE_PRODUCT = YES;
			};
			name = Release;
		};
		2DDE1CAC1BF8CC72005CA7DD /* Debug */ = {
			isa = XCBuildConfiguration;
			buildSettings = {
				ASSETCATALOG_COMPILER_APPICON_NAME = AppIcon;
				INFOPLIST_FILE = test/Info.plist;
				LD_RUNPATH_SEARCH_PATHS = "$(inherited) @executable_path/Frameworks";
				PRODUCT_BUNDLE_IDENTIFIER = syp.test;
				PRODUCT_NAME = "$(TARGET_NAME)";
			};
			name = Debug;
		};
		2DDE1CAD1BF8CC72005CA7DD /* Release */ = {
			isa = XCBuildConfiguration;
			buildSettings = {
				ASSETCATALOG_COMPILER_APPICON_NAME = AppIcon;
				INFOPLIST_FILE = test/Info.plist;
				LD_RUNPATH_SEARCH_PATHS = "$(inherited) @executable_path/Frameworks";
				PRODUCT_BUNDLE_IDENTIFIER = syp.test;
				PRODUCT_NAME = "$(TARGET_NAME)";
			};
			name = Release;
		};
		2DDE1CAF1BF8CC72005CA7DD /* Debug */ = {
			isa = XCBuildConfiguration;
			buildSettings = {
				BUNDLE_LOADER = "$(TEST_HOST)";
				INFOPLIST_FILE = testTests/Info.plist;
				LD_RUNPATH_SEARCH_PATHS = "$(inherited) @executable_path/Frameworks @loader_path/Frameworks";
				PRODUCT_BUNDLE_IDENTIFIER = syp.testTests;
				PRODUCT_NAME = "$(TARGET_NAME)";
				TEST_HOST = "$(BUILT_PRODUCTS_DIR)/test.app/test";
			};
			name = Debug;
		};
		2DDE1CB01BF8CC72005CA7DD /* Release */ = {
			isa = XCBuildConfiguration;
			buildSettings = {
				BUNDLE_LOADER = "$(TEST_HOST)";
				INFOPLIST_FILE = testTests/Info.plist;
				LD_RUNPATH_SEARCH_PATHS = "$(inherited) @executable_path/Frameworks @loader_path/Frameworks";
				PRODUCT_BUNDLE_IDENTIFIER = syp.testTests;
				PRODUCT_NAME = "$(TARGET_NAME)";
				TEST_HOST = "$(BUILT_PRODUCTS_DIR)/test.app/test";
			};
			name = Release;
		};
		2DDE1CB21BF8CC72005CA7DD /* Debug */ = {
			isa = XCBuildConfiguration;
			buildSettings = {
				INFOPLIST_FILE = testUITests/Info.plist;
				LD_RUNPATH_SEARCH_PATHS = "$(inherited) @executable_path/Frameworks @loader_path/Frameworks";
				PRODUCT_BUNDLE_IDENTIFIER = syp.testUITests;
				PRODUCT_NAME = "$(TARGET_NAME)";
				TEST_TARGET_NAME = test;
				USES_XCTRUNNER = YES;
			};
			name = Debug;
		};
		2DDE1CB31BF8CC72005CA7DD /* Release */ = {
			isa = XCBuildConfiguration;
			buildSettings = {
				INFOPLIST_FILE = testUITests/Info.plist;
				LD_RUNPATH_SEARCH_PATHS = "$(inherited) @executable_path/Frameworks @loader_path/Frameworks";
				PRODUCT_BUNDLE_IDENTIFIER = syp.testUITests;
				PRODUCT_NAME = "$(TARGET_NAME)";
				TEST_TARGET_NAME = test;
				USES_XCTRUNNER = YES;
			};
			name = Release;
		};
/* End XCBuildConfiguration section */

/* Begin XCConfigurationList section */
		2DDE1C791BF8CC71005CA7DD /* Build configuration list for PBXProject "test" */ = {
			isa = XCConfigurationList;
			buildConfigurations = (
				2DDE1CA91BF8CC72005CA7DD /* Debug */,
				2DDE1CAA1BF8CC72005CA7DD /* Release */,
			);
			defaultConfigurationIsVisible = 0;
			defaultConfigurationName = Release;
		};
		2DDE1CAB1BF8CC72005CA7DD /* Build configuration list for PBXNativeTarget "test" */ = {
			isa = XCConfigurationList;
			buildConfigurations = (
				2DDE1CAC1BF8CC72005CA7DD /* Debug */,
				2DDE1CAD1BF8CC72005CA7DD /* Release */,
			);
			defaultConfigurationIsVisible = 0;
		};
		2DDE1CAE1BF8CC72005CA7DD /* Build configuration list for PBXNativeTarget "testTests" */ = {
			isa = XCConfigurationList;
			buildConfigurations = (
				2DDE1CAF1BF8CC72005CA7DD /* Debug */,
				2DDE1CB01BF8CC72005CA7DD /* Release */,
			);
			defaultConfigurationIsVisible = 0;
		};
		2DDE1CB11BF8CC72005CA7DD /* Build configuration list for PBXNativeTarget "testUITests" */ = {
			isa = XCConfigurationList;
			buildConfigurations = (
				2DDE1CB21BF8CC72005CA7DD /* Debug */,
				2DDE1CB31BF8CC72005CA7DD /* Release */,
			);
			defaultConfigurationIsVisible = 0;
		};
/* End XCConfigurationList section */
	};
	rootObject = 2DDE1C761BF8CC71005CA7DD /* Project object */;
}
