// !$*UTF8*$!
{
	archiveVersion = 1;
	classes = {
	};
	objectVersion = 46;
	objects = {

/* Begin PBXBuildFile section */
		2D48F1071C15030B007C8701 /* main.m in Sources */ = {isa = PBXBuildFile; fileRef = 2D48F1061C15030B007C8701 /* main.m */; };
		2D48F10A1C15030B007C8701 /* AppDelegate.m in Sources */ = {isa = PBXBuildFile; fileRef = 2D48F1091C15030B007C8701 /* AppDelegate.m */; };
		2D48F10D1C15030B007C8701 /* ViewController.m in Sources */ = {isa = PBXBuildFile; fileRef = 2D48F10C1C15030B007C8701 /* ViewController.m */; };
		2D48F1101C15030B007C8701 /* Main.storyboard in Resources */ = {isa = PBXBuildFile; fileRef = 2D48F10E1C15030B007C8701 /* Main.storyboard */; };
		2D48F1121C15030B007C8701 /* Assets.xcassets in Resources */ = {isa = PBXBuildFile; fileRef = 2D48F1111C15030B007C8701 /* Assets.xcassets */; };
		2D48F1151C15030B007C8701 /* LaunchScreen.storyboard in Resources */ = {isa = PBXBuildFile; fileRef = 2D48F1131C15030B007C8701 /* LaunchScreen.storyboard */; };
		2D48F1201C15030B007C8701 /* hhhTests.m in Sources */ = {isa = PBXBuildFile; fileRef = 2D48F11F1C15030B007C8701 /* hhhTests.m */; };
		2D48F12B1C15030B007C8701 /* hhhUITests.m in Sources */ = {isa = PBXBuildFile; fileRef = 2D48F12A1C15030B007C8701 /* hhhUITests.m */; };
/* End PBXBuildFile section */

/* Begin PBXContainerItemProxy section */
		2D48F11C1C15030B007C8701 /* PBXContainerItemProxy */ = {
			isa = PBXContainerItemProxy;
			containerPortal = 2D48F0FA1C15030B007C8701 /* Project object */;
			proxyType = 1;
			remoteGlobalIDString = 2D48F1011C15030B007C8701;
			remoteInfo = hhh;
		};
		2D48F1271C15030B007C8701 /* PBXContainerItemProxy */ = {
			isa = PBXContainerItemProxy;
			containerPortal = 2D48F0FA1C15030B007C8701 /* Project object */;
			proxyType = 1;
			remoteGlobalIDString = 2D48F1011C15030B007C8701;
			remoteInfo = hhh;
		};
/* End PBXContainerItemProxy section */

/* Begin PBXFileReference section */
		2D48F1021C15030B007C8701 /* hhh.app */ = {isa = PBXFileReference; explicitFileType = wrapper.application; includeInIndex = 0; path = hhh.app; sourceTree = BUILT_PRODUCTS_DIR; };
		2D48F1061C15030B007C8701 /* main.m */ = {isa = PBXFileReference; lastKnownFileType = sourcecode.c.objc; path = main.m; sourceTree = "<group>"; };
		2D48F1081C15030B007C8701 /* AppDelegate.h */ = {isa = PBXFileReference; lastKnownFileType = sourcecode.c.h; path = AppDelegate.h; sourceTree = "<group>"; };
		2D48F1091C15030B007C8701 /* AppDelegate.m */ = {isa = PBXFileReference; lastKnownFileType = sourcecode.c.objc; path = AppDelegate.m; sourceTree = "<group>"; };
		2D48F10B1C15030B007C8701 /* ViewController.h */ = {isa = PBXFileReference; lastKnownFileType = sourcecode.c.h; path = ViewController.h; sourceTree = "<group>"; };
		2D48F10C1C15030B007C8701 /* ViewController.m */ = {isa = PBXFileReference; lastKnownFileType = sourcecode.c.objc; path = ViewController.m; sourceTree = "<group>"; };
		2D48F10F1C15030B007C8701 /* Base */ = {isa = PBXFileReference; lastKnownFileType = file.storyboard; name = Base; path = Base.lproj/Main.storyboard; sourceTree = "<group>"; };
		2D48F1111C15030B007C8701 /* Assets.xcassets */ = {isa = PBXFileReference; lastKnownFileType = folder.assetcatalog; path = Assets.xcassets; sourceTree = "<group>"; };
		2D48F1141C15030B007C8701 /* Base */ = {isa = PBXFileReference; lastKnownFileType = file.storyboard; name = Base; path = Base.lproj/LaunchScreen.storyboard; sourceTree = "<group>"; };
		2D48F1161C15030B007C8701 /* Info.plist */ = {isa = PBXFileReference; lastKnownFileType = text.plist.xml; path = Info.plist; sourceTree = "<group>"; };
		2D48F11B1C15030B007C8701 /* hhhTests.xctest */ = {isa = PBXFileReference; explicitFileType = wrapper.cfbundle; includeInIndex = 0; path = hhhTests.xctest; sourceTree = BUILT_PRODUCTS_DIR; };
		2D48F11F1C15030B007C8701 /* hhhTests.m */ = {isa = PBXFileReference; lastKnownFileType = sourcecode.c.objc; path = hhhTests.m; sourceTree = "<group>"; };
		2D48F1211C15030B007C8701 /* Info.plist */ = {isa = PBXFileReference; lastKnownFileType = text.plist.xml; path = Info.plist; sourceTree = "<group>"; };
		2D48F1261C15030B007C8701 /* hhhUITests.xctest */ = {isa = PBXFileReference; explicitFileType = wrapper.cfbundle; includeInIndex = 0; path = hhhUITests.xctest; sourceTree = BUILT_PRODUCTS_DIR; };
		2D48F12A1C15030B007C8701 /* hhhUITests.m */ = {isa = PBXFileReference; lastKnownFileType = sourcecode.c.objc; path = hhhUITests.m; sourceTree = "<group>"; };
		2D48F12C1C15030B007C8701 /* Info.plist */ = {isa = PBXFileReference; lastKnownFileType = text.plist.xml; path = Info.plist; sourceTree = "<group>"; };
/* End PBXFileReference section */

/* Begin PBXFrameworksBuildPhase section */
		2D48F0FF1C15030B007C8701 /* Frameworks */ = {
			isa = PBXFrameworksBuildPhase;
			buildActionMask = 2147483647;
			files = (
			);
			runOnlyForDeploymentPostprocessing = 0;
		};
		2D48F1181C15030B007C8701 /* Frameworks */ = {
			isa = PBXFrameworksBuildPhase;
			buildActionMask = 2147483647;
			files = (
			);
			runOnlyForDeploymentPostprocessing = 0;
		};
		2D48F1231C15030B007C8701 /* Frameworks */ = {
			isa = PBXFrameworksBuildPhase;
			buildActionMask = 2147483647;
			files = (
			);
			runOnlyForDeploymentPostprocessing = 0;
		};
/* End PBXFrameworksBuildPhase section */

/* Begin PBXGroup section */
		2D48F0F91C15030B007C8701 = {
			isa = PBXGroup;
			children = (
				2D48F1041C15030B007C8701 /* hhh */,
				2D48F11E1C15030B007C8701 /* hhhTests */,
				2D48F1291C15030B007C8701 /* hhhUITests */,
				2D48F1031C15030B007C8701 /* Products */,
			);
			sourceTree = "<group>";
		};
		2D48F1031C15030B007C8701 /* Products */ = {
			isa = PBXGroup;
			children = (
				2D48F1021C15030B007C8701 /* hhh.app */,
				2D48F11B1C15030B007C8701 /* hhhTests.xctest */,
				2D48F1261C15030B007C8701 /* hhhUITests.xctest */,
			);
			name = Products;
			sourceTree = "<group>";
		};
		2D48F1041C15030B007C8701 /* hhh */ = {
			isa = PBXGroup;
			children = (
				2D48F1081C15030B007C8701 /* AppDelegate.h */,
				2D48F1091C15030B007C8701 /* AppDelegate.m */,
				2D48F10B1C15030B007C8701 /* ViewController.h */,
				2D48F10C1C15030B007C8701 /* ViewController.m */,
				2D48F10E1C15030B007C8701 /* Main.storyboard */,
				2D48F1111C15030B007C8701 /* Assets.xcassets */,
				2D48F1131C15030B007C8701 /* LaunchScreen.storyboard */,
				2D48F1161C15030B007C8701 /* Info.plist */,
				2D48F1051C15030B007C8701 /* Supporting Files */,
			);
			path = hhh;
			sourceTree = "<group>";
		};
		2D48F1051C15030B007C8701 /* Supporting Files */ = {
			isa = PBXGroup;
			children = (
				2D48F1061C15030B007C8701 /* main.m */,
			);
			name = "Supporting Files";
			sourceTree = "<group>";
		};
		2D48F11E1C15030B007C8701 /* hhhTests */ = {
			isa = PBXGroup;
			children = (
				2D48F11F1C15030B007C8701 /* hhhTests.m */,
				2D48F1211C15030B007C8701 /* Info.plist */,
			);
			path = hhhTests;
			sourceTree = "<group>";
		};
		2D48F1291C15030B007C8701 /* hhhUITests */ = {
			isa = PBXGroup;
			children = (
				2D48F12A1C15030B007C8701 /* hhhUITests.m */,
				2D48F12C1C15030B007C8701 /* Info.plist */,
			);
			path = hhhUITests;
			sourceTree = "<group>";
		};
/* End PBXGroup section */

/* Begin PBXNativeTarget section */
		2D48F1011C15030B007C8701 /* hhh */ = {
			isa = PBXNativeTarget;
			buildConfigurationList = 2D48F12F1C15030B007C8701 /* Build configuration list for PBXNativeTarget "hhh" */;
			buildPhases = (
				2D48F0FE1C15030B007C8701 /* Sources */,
				2D48F0FF1C15030B007C8701 /* Frameworks */,
				2D48F1001C15030B007C8701 /* Resources */,
			);
			buildRules = (
			);
			dependencies = (
			);
			name = hhh;
			productName = hhh;
			productReference = 2D48F1021C15030B007C8701 /* hhh.app */;
			productType = "com.apple.product-type.application";
		};
		2D48F11A1C15030B007C8701 /* hhhTests */ = {
			isa = PBXNativeTarget;
			buildConfigurationList = 2D48F1321C15030B007C8701 /* Build configuration list for PBXNativeTarget "hhhTests" */;
			buildPhases = (
				2D48F1171C15030B007C8701 /* Sources */,
				2D48F1181C15030B007C8701 /* Frameworks */,
				2D48F1191C15030B007C8701 /* Resources */,
			);
			buildRules = (
			);
			dependencies = (
				2D48F11D1C15030B007C8701 /* PBXTargetDependency */,
			);
			name = hhhTests;
			productName = hhhTests;
			productReference = 2D48F11B1C15030B007C8701 /* hhhTests.xctest */;
			productType = "com.apple.product-type.bundle.unit-test";
		};
		2D48F1251C15030B007C8701 /* hhhUITests */ = {
			isa = PBXNativeTarget;
			buildConfigurationList = 2D48F1351C15030B007C8701 /* Build configuration list for PBXNativeTarget "hhhUITests" */;
			buildPhases = (
				2D48F1221C15030B007C8701 /* Sources */,
				2D48F1231C15030B007C8701 /* Frameworks */,
				2D48F1241C15030B007C8701 /* Resources */,
			);
			buildRules = (
			);
			dependencies = (
				2D48F1281C15030B007C8701 /* PBXTargetDependency */,
			);
			name = hhhUITests;
			productName = hhhUITests;
			productReference = 2D48F1261C15030B007C8701 /* hhhUITests.xctest */;
			productType = "com.apple.product-type.bundle.ui-testing";
		};
/* End PBXNativeTarget section */

/* Begin PBXProject section */
		2D48F0FA1C15030B007C8701 /* Project object */ = {
			isa = PBXProject;
			attributes = {
				LastUpgradeCheck = 0700;
				ORGANIZATIONNAME = syp;
				TargetAttributes = {
					2D48F1011C15030B007C8701 = {
						CreatedOnToolsVersion = 7.0.1;
					};
					2D48F11A1C15030B007C8701 = {
						CreatedOnToolsVersion = 7.0.1;
						TestTargetID = 2D48F1011C15030B007C8701;
					};
					2D48F1251C15030B007C8701 = {
						CreatedOnToolsVersion = 7.0.1;
						TestTargetID = 2D48F1011C15030B007C8701;
					};
				};
			};
			buildConfigurationList = 2D48F0FD1C15030B007C8701 /* Build configuration list for PBXProject "hhh" */;
			compatibilityVersion = "Xcode 3.2";
			developmentRegion = English;
			hasScannedForEncodings = 0;
			knownRegions = (
				en,
				Base,
			);
			mainGroup = 2D48F0F91C15030B007C8701;
			productRefGroup = 2D48F1031C15030B007C8701 /* Products */;
			projectDirPath = "";
			projectRoot = "";
			targets = (
				2D48F1011C15030B007C8701 /* hhh */,
				2D48F11A1C15030B007C8701 /* hhhTests */,
				2D48F1251C15030B007C8701 /* hhhUITests */,
			);
		};
/* End PBXProject section */

/* Begin PBXResourcesBuildPhase section */
		2D48F1001C15030B007C8701 /* Resources */ = {
			isa = PBXResourcesBuildPhase;
			buildActionMask = 2147483647;
			files = (
				2D48F1151C15030B007C8701 /* LaunchScreen.storyboard in Resources */,
				2D48F1121C15030B007C8701 /* Assets.xcassets in Resources */,
				2D48F1101C15030B007C8701 /* Main.storyboard in Resources */,
			);
			runOnlyForDeploymentPostprocessing = 0;
		};
		2D48F1191C15030B007C8701 /* Resources */ = {
			isa = PBXResourcesBuildPhase;
			buildActionMask = 2147483647;
			files = (
			);
			runOnlyForDeploymentPostprocessing = 0;
		};
		2D48F1241C15030B007C8701 /* Resources */ = {
			isa = PBXResourcesBuildPhase;
			buildActionMask = 2147483647;
			files = (
			);
			runOnlyForDeploymentPostprocessing = 0;
		};
/* End PBXResourcesBuildPhase section */

/* Begin PBXSourcesBuildPhase section */
		2D48F0FE1C15030B007C8701 /* Sources */ = {
			isa = PBXSourcesBuildPhase;
			buildActionMask = 2147483647;
			files = (
				2D48F10D1C15030B007C8701 /* ViewController.m in Sources */,
				2D48F10A1C15030B007C8701 /* AppDelegate.m in Sources */,
				2D48F1071C15030B007C8701 /* main.m in Sources */,
			);
			runOnlyForDeploymentPostprocessing = 0;
		};
		2D48F1171C15030B007C8701 /* Sources */ = {
			isa = PBXSourcesBuildPhase;
			buildActionMask = 2147483647;
			files = (
				2D48F1201C15030B007C8701 /* hhhTests.m in Sources */,
			);
			runOnlyForDeploymentPostprocessing = 0;
		};
		2D48F1221C15030B007C8701 /* Sources */ = {
			isa = PBXSourcesBuildPhase;
			buildActionMask = 2147483647;
			files = (
				2D48F12B1C15030B007C8701 /* hhhUITests.m in Sources */,
			);
			runOnlyForDeploymentPostprocessing = 0;
		};
/* End PBXSourcesBuildPhase section */

/* Begin PBXTargetDependency section */
		2D48F11D1C15030B007C8701 /* PBXTargetDependency */ = {
			isa = PBXTargetDependency;
			target = 2D48F1011C15030B007C8701 /* hhh */;
			targetProxy = 2D48F11C1C15030B007C8701 /* PBXContainerItemProxy */;
		};
		2D48F1281C15030B007C8701 /* PBXTargetDependency */ = {
			isa = PBXTargetDependency;
			target = 2D48F1011C15030B007C8701 /* hhh */;
			targetProxy = 2D48F1271C15030B007C8701 /* PBXContainerItemProxy */;
		};
/* End PBXTargetDependency section */

/* Begin PBXVariantGroup section */
		2D48F10E1C15030B007C8701 /* Main.storyboard */ = {
			isa = PBXVariantGroup;
			children = (
				2D48F10F1C15030B007C8701 /* Base */,
			);
			name = Main.storyboard;
			sourceTree = "<group>";
		};
		2D48F1131C15030B007C8701 /* LaunchScreen.storyboard */ = {
			isa = PBXVariantGroup;
			children = (
				2D48F1141C15030B007C8701 /* Base */,
			);
			name = LaunchScreen.storyboard;
			sourceTree = "<group>";
		};
/* End PBXVariantGroup section */

/* Begin XCBuildConfiguration section */
		2D48F12D1C15030B007C8701 /* Debug */ = {
			isa = XCBuildConfiguration;
			buildSettings = {
				ALWAYS_SEARCH_USER_PATHS = NO;
				CLANG_CXX_LANGUAGE_STANDARD = "gnu++0x";
				CLANG_CXX_LIBRARY = "libc++";
				CLANG_ENABLE_MODULES = YES;
				CLANG_ENABLE_OBJC_ARC = YES;
				CLANG_WARN_BOOL_CONVERSION = YES;
				CLANG_WARN_CONSTANT_CONVERSION = YES;
				CLANG_WARN_DIRECT_OBJC_ISA_USAGE = YES_ERROR;
				CLANG_WARN_EMPTY_BODY = YES;
				CLANG_WARN_ENUM_CONVERSION = YES;
				CLANG_WARN_INT_CONVERSION = YES;
				CLANG_WARN_OBJC_ROOT_CLASS = YES_ERROR;
				CLANG_WARN_UNREACHABLE_CODE = YES;
				CLANG_WARN__DUPLICATE_METHOD_MATCH = YES;
				"CODE_SIGN_IDENTITY[sdk=iphoneos*]" = "iPhone Developer";
				COPY_PHASE_STRIP = NO;
				DEBUG_INFORMATION_FORMAT = dwarf;
				ENABLE_STRICT_OBJC_MSGSEND = YES;
				ENABLE_TESTABILITY = YES;
				GCC_C_LANGUAGE_STANDARD = gnu99;
				GCC_DYNAMIC_NO_PIC = NO;
				GCC_NO_COMMON_BLOCKS = YES;
				GCC_OPTIMIZATION_LEVEL = 0;
				GCC_PREPROCESSOR_DEFINITIONS = (
					"DEBUG=1",
					"$(inherited)",
				);
				GCC_WARN_64_TO_32_BIT_CONVERSION = YES;
				GCC_WARN_ABOUT_RETURN_TYPE = YES_ERROR;
				GCC_WARN_UNDECLARED_SELECTOR = YES;
				GCC_WARN_UNINITIALIZED_AUTOS = YES_AGGRESSIVE;
				GCC_WARN_UNUSED_FUNCTION = YES;
				GCC_WARN_UNUSED_VARIABLE = YES;
				IPHONEOS_DEPLOYMENT_TARGET = 9.0;
				MTL_ENABLE_DEBUG_INFO = YES;
				ONLY_ACTIVE_ARCH = YES;
				SDKROOT = iphoneos;
				TARGETED_DEVICE_FAMILY = "1,2";
			};
			name = Debug;
		};
		2D48F12E1C15030B007C8701 /* Release */ = {
			isa = XCBuildConfiguration;
			buildSettings = {
				ALWAYS_SEARCH_USER_PATHS = NO;
				CLANG_CXX_LANGUAGE_STANDARD = "gnu++0x";
				CLANG_CXX_LIBRARY = "libc++";
				CLANG_ENABLE_MODULES = YES;
				CLANG_ENABLE_OBJC_ARC = YES;
				CLANG_WARN_BOOL_CONVERSION = YES;
				CLANG_WARN_CONSTANT_CONVERSION = YES;
				CLANG_WARN_DIRECT_OBJC_ISA_USAGE = YES_ERROR;
				CLANG_WARN_EMPTY_BODY = YES;
				CLANG_WARN_ENUM_CONVERSION = YES;
				CLANG_WARN_INT_CONVERSION = YES;
				CLANG_WARN_OBJC_ROOT_CLASS = YES_ERROR;
				CLANG_WARN_UNREACHABLE_CODE = YES;
				CLANG_WARN__DUPLICATE_METHOD_MATCH = YES;
				"CODE_SIGN_IDENTITY[sdk=iphoneos*]" = "iPhone Developer";
				COPY_PHASE_STRIP = NO;
				DEBUG_INFORMATION_FORMAT = "dwarf-with-dsym";
				ENABLE_NS_ASSERTIONS = NO;
				ENABLE_STRICT_OBJC_MSGSEND = YES;
				GCC_C_LANGUAGE_STANDARD = gnu99;
				GCC_NO_COMMON_BLOCKS = YES;
				GCC_WARN_64_TO_32_BIT_CONVERSION = YES;
				GCC_WARN_ABOUT_RETURN_TYPE = YES_ERROR;
				GCC_WARN_UNDECLARED_SELECTOR = YES;
				GCC_WARN_UNINITIALIZED_AUTOS = YES_AGGRESSIVE;
				GCC_WARN_UNUSED_FUNCTION = YES;
				GCC_WARN_UNUSED_VARIABLE = YES;
				IPHONEOS_DEPLOYMENT_TARGET = 9.0;
				MTL_ENABLE_DEBUG_INFO = NO;
				SDKROOT = iphoneos;
				TARGETED_DEVICE_FAMILY = "1,2";
				VALIDATE_PRODUCT = YES;
			};
			name = Release;
		};
		2D48F1301C15030B007C8701 /* Debug */ = {
			isa = XCBuildConfiguration;
			buildSettings = {
				ASSETCATALOG_COMPILER_APPICON_NAME = AppIcon;
				INFOPLIST_FILE = hhh/Info.plist;
				LD_RUNPATH_SEARCH_PATHS = "$(inherited) @executable_path/Frameworks";
				PRODUCT_BUNDLE_IDENTIFIER = syp.hhh;
				PRODUCT_NAME = "$(TARGET_NAME)";
			};
			name = Debug;
		};
		2D48F1311C15030B007C8701 /* Release */ = {
			isa = XCBuildConfiguration;
			buildSettings = {
				ASSETCATALOG_COMPILER_APPICON_NAME = AppIcon;
				INFOPLIST_FILE = hhh/Info.plist;
				LD_RUNPATH_SEARCH_PATHS = "$(inherited) @executable_path/Frameworks";
				PRODUCT_BUNDLE_IDENTIFIER = syp.hhh;
				PRODUCT_NAME = "$(TARGET_NAME)";
			};
			name = Release;
		};
		2D48F1331C15030B007C8701 /* Debug */ = {
			isa = XCBuildConfiguration;
			buildSettings = {
				BUNDLE_LOADER = "$(TEST_HOST)";
				INFOPLIST_FILE = hhhTests/Info.plist;
				LD_RUNPATH_SEARCH_PATHS = "$(inherited) @executable_path/Frameworks @loader_path/Frameworks";
				PRODUCT_BUNDLE_IDENTIFIER = syp.hhhTests;
				PRODUCT_NAME = "$(TARGET_NAME)";
				TEST_HOST = "$(BUILT_PRODUCTS_DIR)/hhh.app/hhh";
			};
			name = Debug;
		};
		2D48F1341C15030B007C8701 /* Release */ = {
			isa = XCBuildConfiguration;
			buildSettings = {
				BUNDLE_LOADER = "$(TEST_HOST)";
				INFOPLIST_FILE = hhhTests/Info.plist;
				LD_RUNPATH_SEARCH_PATHS = "$(inherited) @executable_path/Frameworks @loader_path/Frameworks";
				PRODUCT_BUNDLE_IDENTIFIER = syp.hhhTests;
				PRODUCT_NAME = "$(TARGET_NAME)";
				TEST_HOST = "$(BUILT_PRODUCTS_DIR)/hhh.app/hhh";
			};
			name = Release;
		};
		2D48F1361C15030B007C8701 /* Debug */ = {
			isa = XCBuildConfiguration;
			buildSettings = {
				INFOPLIST_FILE = hhhUITests/Info.plist;
				LD_RUNPATH_SEARCH_PATHS = "$(inherited) @executable_path/Frameworks @loader_path/Frameworks";
				PRODUCT_BUNDLE_IDENTIFIER = syp.hhhUITests;
				PRODUCT_NAME = "$(TARGET_NAME)";
				TEST_TARGET_NAME = hhh;
				USES_XCTRUNNER = YES;
			};
			name = Debug;
		};
		2D48F1371C15030B007C8701 /* Release */ = {
			isa = XCBuildConfiguration;
			buildSettings = {
				INFOPLIST_FILE = hhhUITests/Info.plist;
				LD_RUNPATH_SEARCH_PATHS = "$(inherited) @executable_path/Frameworks @loader_path/Frameworks";
				PRODUCT_BUNDLE_IDENTIFIER = syp.hhhUITests;
				PRODUCT_NAME = "$(TARGET_NAME)";
				TEST_TARGET_NAME = hhh;
				USES_XCTRUNNER = YES;
			};
			name = Release;
		};
/* End XCBuildConfiguration section */

/* Begin XCConfigurationList section */
		2D48F0FD1C15030B007C8701 /* Build configuration list for PBXProject "hhh" */ = {
			isa = XCConfigurationList;
			buildConfigurations = (
				2D48F12D1C15030B007C8701 /* Debug */,
				2D48F12E1C15030B007C8701 /* Release */,
			);
			defaultConfigurationIsVisible = 0;
			defaultConfigurationName = Release;
		};
		2D48F12F1C15030B007C8701 /* Build configuration list for PBXNativeTarget "hhh" */ = {
			isa = XCConfigurationList;
			buildConfigurations = (
				2D48F1301C15030B007C8701 /* Debug */,
				2D48F1311C15030B007C8701 /* Release */,
			);
			defaultConfigurationIsVisible = 0;
		};
		2D48F1321C15030B007C8701 /* Build configuration list for PBXNativeTarget "hhhTests" */ = {
			isa = XCConfigurationList;
			buildConfigurations = (
				2D48F1331C15030B007C8701 /* Debug */,
				2D48F1341C15030B007C8701 /* Release */,
			);
			defaultConfigurationIsVisible = 0;
		};
		2D48F1351C15030B007C8701 /* Build configuration list for PBXNativeTarget "hhhUITests" */ = {
			isa = XCConfigurationList;
			buildConfigurations = (
				2D48F1361C15030B007C8701 /* Debug */,
				2D48F1371C15030B007C8701 /* Release */,
			);
			defaultConfigurationIsVisible = 0;
		};
/* End XCConfigurationList section */
	};
	rootObject = 2D48F0FA1C15030B007C8701 /* Project object */;
}
